using System;
using System.Collections.Generic;
using System.Linq;
using System.Text;
using System.Threading.Tasks;

namespace final_sorum_3
{
    internal class Program
    {
        static void Main(string[] args)
        {
            /* final sorum 3*/

            Console.Write(" Birinci sayıyı giriniz: ");
            int a  = Convert.ToInt32(Console.ReadLine());
            Console.Write(" İkinci sayıyı giriniz: ");
            int b = Convert.ToInt32(Console.ReadLine());
            Console.Write(" Üçüncü sayıyı giriniz: ");
            int c = Convert.ToInt32(Console.ReadLine());

            for (int i = a;  i<= b; i+=c)
            {
                Console.Write(i + " ");
            }
            Console.ReadLine();
        }
        
    }
    
}
﻿

