using System;
using System.Collections.Generic;
using System.Linq;
using System.Text;
using System.Threading.Tasks;

namespace final_sorum_1
{
    internal class Program
    {
        static void Main(string[] args)
        {

            /* 1. final sorum*/

              int a;
            Console.Write("bir sayı giriniz: ");
            a = Convert.ToInt32(Console.ReadLine());
            if (a<30) 
            {
                Console.WriteLine("girdiğiniz sayı 30'dan küçük.");    
            }
            else if (a>30)
            {
                Console.WriteLine("Girdiğiniz sayı 30'dan büyük. ");
            }
            else if (a==30)
            {
                Console.WriteLine("Girdiğiniz sayı 30'a eşit. ");
            }
            Console.ReadKey();
        }
       
    }
        
}
