    public partial class Form1 : Form
    {
        int a;
        public Form1()
        {
            InitializeComponent();
        }

        private void button1_Click(object sender, EventArgs e)
        {
            int a;
             a = Convert.ToInt32(textBox1.Text);
            if (a %2 == 0)
            {
                MessageBox.Show("Girdiğiniz Sayı Çift ");
            }
            else if (a %2 != 0) 
            {
                MessageBox.Show("Girdiğiniz Sayı Tek ");
            }

        }

        private void button2_Click(object sender, EventArgs e)
        {
            this.Close();
        }
    }
}


<<<<<<<<<<<<<<<<<<<<<<<<<<<<<<<<<<<<<<<<<<<<<<<<<<<<<<<<<FORM YERİ>>>>>>>>>>>>>>>>>>>>>>>>>>>>>>>>>>>>>>>>>>>>>>>>>>>>>
